// !$*UTF8*$!
{
	archiveVersion = 1;
	classes = {
	};
	objectVersion = 56;
	objects = {

/* Begin PBXBuildFile section */
		8EC0D3F5FF374BC28D71BCDF /* GoalTests.swift in Sources */ = {isa = PBXBuildFile; fileRef = A9833F12841D4DCFB6BD7AD2 /* GoalTests.swift */; };
		7C5684A9F24D40EB89F9F4E9 /* GoalsView.swift in Sources */ = {isa = PBXBuildFile; fileRef = 6024227A461A4433A1E43A87 /* GoalsView.swift */; };
		E97523CD2B19481A82A471FA /* GoalsModel.swift in Sources */ = {isa = PBXBuildFile; fileRef = 82C67797DFA2479ABD3AA9FC /* GoalsModel.swift */; };
		734F1603E1EF4558A1C0FD8F /* Goals.swift in Sources */ = {isa = PBXBuildFile; fileRef = E2A952D2EB8B426DB3290340 /* Goals.swift */; };
		5D4BD5877ADF40B59A8911E7 /* StepProgressionTests.swift in Sources */ = {isa = PBXBuildFile; fileRef = 3B7999AD7451470B9EF55A69 /* StepProgressionTests.swift */; };
		DB098ECF90B343CFB99C0C47 /* DraftPlanTests.swift in Sources */ = {isa = PBXBuildFile; fileRef = 439CE55246D549E1A020FA0E /* DraftPlanTests.swift */; };
		D1EA62BA895143DEB49130B8 /* DraftPlanView.swift in Sources */ = {isa = PBXBuildFile; fileRef = 3C680AFEE3D8467CBE5D18A7 /* DraftPlanView.swift */; };
		712A4760F26A4AB3B14B5C50 /* DraftModel.swift in Sources */ = {isa = PBXBuildFile; fileRef = 8A15660A070849DD9F150CE6 /* DraftModel.swift */; };
		F1E2D78EB69B4D84BB7235FF /* PlanDraft.swift in Sources */ = {isa = PBXBuildFile; fileRef = AB6D6F6D20E64623A6844375 /* PlanDraft.swift */; };
		71D355C1D4494A1AAAF29773 /* InReserveTests.swift in Sources */ = {isa = PBXBuildFile; fileRef = 7CF89143A6A24A11AD257E08 /* InReserveTests.swift */; };
		6AF74EC479B54190A353B001 /* ClarityTests.swift in Sources */ = {isa = PBXBuildFile; fileRef = 1E635E7EA3F746999CDF7B7A /* ClarityTests.swift */; };
		8386FC4A2BD8A8EB4D3E69F1 /* UsabilityTests.swift in Sources */ = {isa = PBXBuildFile; fileRef = 339B9278096A6BDBEC9F29F2 /* UsabilityTests.swift */; };
		BFDFD10AB57F40E89D105DF3 /* IntroductionTests.swift in Sources */ = {isa = PBXBuildFile; fileRef = 7A4FF34348CD4A5A9817D5DF /* IntroductionTests.swift */; };
		198D82D2E4624379BB30206C /* IntroductionView.swift in Sources */ = {isa = PBXBuildFile; fileRef = 1611CF2EBEDC4B84BB786C9E /* IntroductionView.swift */; };
		584C20992B1740DAB06C4356 /* Introduction.swift in Sources */ = {isa = PBXBuildFile; fileRef = 296E62D52FE147DC91EFCE6F /* Introduction.swift */; };
		53B49EEC35564F51B63EACB5 /* BuiltInPlanTests.swift in Sources */ = {isa = PBXBuildFile; fileRef = CC3062DA399F4FC0ADD64D9E /* BuiltInPlanTests.swift */; };
		02E4D8B5FCFB4D9CA112E4EF /* AtHome.json in Resources */ = {isa = PBXBuildFile; fileRef = C8CDB2F88DB14AD0A26C942E /* AtHome.json */; };
		AAE988C037214297BBC80B32 /* PushPullLegs.json in Resources */ = {isa = PBXBuildFile; fileRef = 289F8580F27B49D7BC0804D4 /* PushPullLegs.json */; };
		BFD5A999A03A4E98BA2B3A42 /* UpperLower.json in Resources */ = {isa = PBXBuildFile; fileRef = 82B6AB20F82B40568C27006A /* UpperLower.json */; };
		D6B85C6B32B043FD98DE914B /* FullBody.json in Resources */ = {isa = PBXBuildFile; fileRef = 002B6EBB35854D4CA6360C08 /* FullBody.json */; };
		03D93867F935427B84947DCF /* BuiltInPlansView.swift in Sources */ = {isa = PBXBuildFile; fileRef = A6C0506D07AD421E879569A7 /* BuiltInPlansView.swift */; };
		884D26C8728A420F937F0C29 /* BuiltInPlans.swift in Sources */ = {isa = PBXBuildFile; fileRef = D3ECF487372748A5AE1E91CB /* BuiltInPlans.swift */; };
		A6425EB9BC3B41C9998C1B11 /* ResponsivenessTests.swift in Sources */ = {isa = PBXBuildFile; fileRef = 2103E9EAD9FA4C7C9E983661 /* ResponsivenessTests.swift */; };
		22596811096049DE8D43B0DA /* ProgressionTests.swift in Sources */ = {isa = PBXBuildFile; fileRef = E9E6A382E1EE403A84C759E7 /* ProgressionTests.swift */; };
		C924AFF47036440097C8E751 /* ProgressionView.swift in Sources */ = {isa = PBXBuildFile; fileRef = 4121368C37C7456EAB61E006 /* ProgressionView.swift */; };
		9B75BE6D69C2415C9D64E544 /* ProgressionModel.swift in Sources */ = {isa = PBXBuildFile; fileRef = 4FBD27D2E11B430C937A1579 /* ProgressionModel.swift */; };
		9549B2DF8E7F45A49124CA0D /* Progression.swift in Sources */ = {isa = PBXBuildFile; fileRef = E741F068B39644FBA12803B9 /* Progression.swift */; };
		A739B83332FE43A580221FEE /* HistoryCSVTests.swift in Sources */ = {isa = PBXBuildFile; fileRef = E5AC840139EE42C7BD4BAC83 /* HistoryCSVTests.swift */; };
		23795D6C27C3402C98C39D75 /* HistoryImportFlow.swift in Sources */ = {isa = PBXBuildFile; fileRef = E8E8D44053024272B13E21A9 /* HistoryImportFlow.swift */; };
		B7C60316184D462A9466602B /* HistoryTransfer.swift in Sources */ = {isa = PBXBuildFile; fileRef = CD9927C3B8D84753A38D46D3 /* HistoryTransfer.swift */; };
		40D7674A880D4945A56B2B10 /* HistoryCSV.swift in Sources */ = {isa = PBXBuildFile; fileRef = D785BE8793B4406986BDBEE7 /* HistoryCSV.swift */; };
		BFF32C02BE544CED9F319F4E /* JSONEditTests.swift in Sources */ = {isa = PBXBuildFile; fileRef = F3B42BB5F37D4577BB31378A /* JSONEditTests.swift */; };
		485BB3B824174DB98FA62F4A /* JSONFragmentSheet.swift in Sources */ = {isa = PBXBuildFile; fileRef = B2E6EBAEA094407981604FCE /* JSONFragmentSheet.swift */; };
		DF1A119FAD2849449B70E433 /* ChangeExerciseTests.swift in Sources */ = {isa = PBXBuildFile; fileRef = 1374E419EAD343B697A28F06 /* ChangeExerciseTests.swift */; };
		8C433778AA4F41A9B54DD924 /* ChangeExerciseSheet.swift in Sources */ = {isa = PBXBuildFile; fileRef = B213B7B0ED784B51A6EF7592 /* ChangeExerciseSheet.swift */; };
		25B184F7E2E8488C921B44D3 /* StoreTests.swift in Sources */ = {isa = PBXBuildFile; fileRef = 070F5AD1D87E47ACBE99D42E /* StoreTests.swift */; };
		26F2C1972C11BABA2E839F2E /* HomeView.swift in Sources */ = {isa = PBXBuildFile; fileRef = E83249BD3BA79932E16FB1FB /* HomeView.swift */; };
		27057E6E82004BE891303904 /* Store.swift in Sources */ = {isa = PBXBuildFile; fileRef = FF7FB3A73467463C82F6027F /* Store.swift */; };
		2CAA2329ED0122BBDA3E25D0 /* JimmsBroApp.swift in Sources */ = {isa = PBXBuildFile; fileRef = 8919F66F0992DE2AC46E5935 /* JimmsBroApp.swift */; };
		2E047795A43146548977A2DF /* Clipboard.swift in Sources */ = {isa = PBXBuildFile; fileRef = AEB8B919339D454CBB9C427B /* Clipboard.swift */; };
		31FB1AD30944BADFEFA4E152 /* PrefillAndStatsTests.swift in Sources */ = {isa = PBXBuildFile; fileRef = 4D2CB7912798E46FADE104BE /* PrefillAndStatsTests.swift */; };
		323B36204E1B446DBD69800E /* warning.caf in Resources */ = {isa = PBXBuildFile; fileRef = 06BB807B4C94476D9B4D025C /* warning.caf */; };
		33811C4A861A4853B93631F7 /* HistoryView.swift in Sources */ = {isa = PBXBuildFile; fileRef = B0E13F6504754DBDB320FBF3 /* HistoryView.swift */; };
		363C1DE22D584346978804FE /* HistoryTests.swift in Sources */ = {isa = PBXBuildFile; fileRef = 6F0B5BA93D7D4DB7A7D7713D /* HistoryTests.swift */; };
		470401284CA648D49C271267 /* WorkoutTests.swift in Sources */ = {isa = PBXBuildFile; fileRef = 9A95A95C4DF94E04BF321485 /* WorkoutTests.swift */; };
		4B8005B0F40FABC4014AD490 /* RawJSON.swift in Sources */ = {isa = PBXBuildFile; fileRef = 17CAC07644064B5B92B796A9 /* RawJSON.swift */; };
		4CAEFC15B49C4D28A4F9C442 /* SessionRunner.swift in Sources */ = {isa = PBXBuildFile; fileRef = 559100F244E7447A9C1DEA28 /* SessionRunner.swift */; };
		53B163E63EAE37D0E01A3A7F /* CoreTestSupport.swift in Sources */ = {isa = PBXBuildFile; fileRef = 320F3CB9B860D6BE43D942AD /* CoreTestSupport.swift */; };
		6748B4FD2723CBBA19513CB9 /* Prefill.swift in Sources */ = {isa = PBXBuildFile; fileRef = 853FD2E804614C1DF933A1EF /* Prefill.swift */; };
		708EE1A219E34B241C70DAF1 /* FixtureLoader.swift in Sources */ = {isa = PBXBuildFile; fileRef = C57E08AF28C85E7FE987028F /* FixtureLoader.swift */; };
		736C2148B6549DACC8770906 /* PlanLibrary.swift in Sources */ = {isa = PBXBuildFile; fileRef = 03C57A441932DB44EDA5A940 /* PlanLibrary.swift */; };
		78A7534ABC36EAA312FB9D9C /* CalendarProjection.swift in Sources */ = {isa = PBXBuildFile; fileRef = D832A5437E88562B87368D3E /* CalendarProjection.swift */; };
		7902461861D2462AAE3C3EA5 /* PlanDetailView.swift in Sources */ = {isa = PBXBuildFile; fileRef = CCD6005D8B4C4BEBB795803C /* PlanDetailView.swift */; };
		7FAD4A97F9676688AFBE2783 /* ImportTests.swift in Sources */ = {isa = PBXBuildFile; fileRef = D59CB6FE77AA47F178F63913 /* ImportTests.swift */; };
		80FAC02A0BD5812E2A00F339 /* ProjectSkeletonTests.swift in Sources */ = {isa = PBXBuildFile; fileRef = A94A8FE5CCB19BA61C4C0873 /* ProjectSkeletonTests.swift */; };
		8E533D9E579C53F6D34F86A2 /* examples in Resources */ = {isa = PBXBuildFile; fileRef = 99345CE680CD3E48ACDB9AB4 /* examples */; };
		8EF0A1D07DC79B7C1D0D3252 /* SamplePlan.json in Resources */ = {isa = PBXBuildFile; fileRef = 8151325DCDBAE9E0FF95F9F9 /* SamplePlan.json */; };
		961E8D6686FF44E29F58E022 /* ExerciseHistoryView.swift in Sources */ = {isa = PBXBuildFile; fileRef = C12EA327062247E39E3CE4EB /* ExerciseHistoryView.swift */; };
		96E494132E4EAE79737CAC7F /* Prompts.swift in Sources */ = {isa = PBXBuildFile; fileRef = DD6B68E4227F6E4C8E2C4443 /* Prompts.swift */; };
		99810290625445718DCEA6A0 /* SessionDetailView.swift in Sources */ = {isa = PBXBuildFile; fileRef = 9A6397945E8E44B99A01FA8B /* SessionDetailView.swift */; };
		9A5F8B6BFCCA411FB62321F6 /* SummaryView.swift in Sources */ = {isa = PBXBuildFile; fileRef = 05EC05A0A4104F4E9E910F0D /* SummaryView.swift */; };
		9CC10CEB659B4A7985008B2E /* HistoryGrouping.swift in Sources */ = {isa = PBXBuildFile; fileRef = 671B69BD2FF44343ADA1FCC2 /* HistoryGrouping.swift */; };
		A8969767FC1E457DBDEB2AD4 /* SettingsView.swift in Sources */ = {isa = PBXBuildFile; fileRef = 14C085B903744B44BD315E08 /* SettingsView.swift */; };
		AAFDA3633B4CE64BE8ADB267 /* StepsAndEngineTests.swift in Sources */ = {isa = PBXBuildFile; fileRef = CDA044974DCA905789A478AD /* StepsAndEngineTests.swift */; };
		AD76242ED722435ABA5BC7FC /* HomeCard.swift in Sources */ = {isa = PBXBuildFile; fileRef = FFE14A9242514C71B4193FA3 /* HomeCard.swift */; };
		B0F982780DFDE681EE0BF8CA /* Steps.swift in Sources */ = {isa = PBXBuildFile; fileRef = 9E1A0F5D06791E5C42ABF4B6 /* Steps.swift */; };
		B14AA058BAFC9D16A2B2F3CC /* PlanImport.swift in Sources */ = {isa = PBXBuildFile; fileRef = 20FFB53CE37AC01F8417CD08 /* PlanImport.swift */; };
		B330B7AB22DB41CEABAF6F74 /* InputRules.swift in Sources */ = {isa = PBXBuildFile; fileRef = 181388EC300A446E84181414 /* InputRules.swift */; };
		B38B78C43DCD44FC9D30F7B4 /* Assets.xcassets in Resources */ = {isa = PBXBuildFile; fileRef = FB76764142694BCEB0BE8F66 /* Assets.xcassets */; };
		B6AA736244A51B3D3293C6FD /* LibraryCalendarPromptTests.swift in Sources */ = {isa = PBXBuildFile; fileRef = 99BC0485AA30C92B8FA9747D /* LibraryCalendarPromptTests.swift */; };
		BC721CFDEB66E5BD69269FB5 /* beep.wav in Resources */ = {isa = PBXBuildFile; fileRef = 38D8FE5C3796E1B93CEB59DC /* beep.wav */; };
		C283C108C22F4BB18171840F /* Alerts.swift in Sources */ = {isa = PBXBuildFile; fileRef = 4AF801046A284D7EA37D3BEC /* Alerts.swift */; };
		C6B126D7C2C5346FA007BF2E /* Models.swift in Sources */ = {isa = PBXBuildFile; fileRef = B9287B42BCB4E00C89CF46D4 /* Models.swift */; };
		C78076146FF64FC086CFDE74 /* AppModel.swift in Sources */ = {isa = PBXBuildFile; fileRef = 2FE314A02BFE4034970A22BA /* AppModel.swift */; };
		D3EBF527103B4C6EEC0826CF /* SessionEngine.swift in Sources */ = {isa = PBXBuildFile; fileRef = D6604E6C9663F8EF97F6CAB5 /* SessionEngine.swift */; };
		D5149120D99547DDBFD9BE46 /* ImportView.swift in Sources */ = {isa = PBXBuildFile; fileRef = 67CB9B0B86A94DBC8693CAC4 /* ImportView.swift */; };
		D77C3F2E778E4D2FA3F2EE54 /* SettingsAndHomeTests.swift in Sources */ = {isa = PBXBuildFile; fileRef = 9ECD2380C05A49F88B708E06 /* SettingsAndHomeTests.swift */; };
		E5832E79ECB24747BF2E8DE0 /* StoreFiles.swift in Sources */ = {isa = PBXBuildFile; fileRef = E370B67918754FB7815F644C /* StoreFiles.swift */; };
		EA2ABD24FB1A447488C36041 /* WorkoutView.swift in Sources */ = {isa = PBXBuildFile; fileRef = 3333E8C09AC641FCA2470B96 /* WorkoutView.swift */; };
		EB3545BC2FEFAF4A41F7BBDA /* Stats.swift in Sources */ = {isa = PBXBuildFile; fileRef = 1E6EEF3A6E87E743BB4CE749 /* Stats.swift */; };
		F0FFA169D518471197D569BD /* SystemAlerts.swift in Sources */ = {isa = PBXBuildFile; fileRef = 72A3F28DDEE4461A904E029C /* SystemAlerts.swift */; };
		F258845B92714547AC4ABBB9 /* PlansView.swift in Sources */ = {isa = PBXBuildFile; fileRef = 48EDD0DCF93B4C6A8CF75916 /* PlansView.swift */; };
		F49F96D72E4A41BBB81E4C01 /* OverviewView.swift in Sources */ = {isa = PBXBuildFile; fileRef = 9B092D0379664FCC982AEE04 /* OverviewView.swift */; };
		F4D1D15583144C80A265F85F /* SettingsPolishTests.swift in Sources */ = {isa = PBXBuildFile; fileRef = A37E7EA4A09C4F2F82EB4C2D /* SettingsPolishTests.swift */; };
		FD7B9204F72443C98096931B /* RootView.swift in Sources */ = {isa = PBXBuildFile; fileRef = 8B9E5C3E88F646F9A2F4DA06 /* RootView.swift */; };
		D1E9E0CFDF14435C80DF5A42 /* WorkoutScreen.swift in Sources */ = {isa = PBXBuildFile; fileRef = E2377BC537B24FBBA5CF2DD3 /* WorkoutScreen.swift */; };
		0F893C869B3246AE8B9D479B /* WorkoutScreenTests.swift in Sources */ = {isa = PBXBuildFile; fileRef = 34138007B45D4150AF304B1E /* WorkoutScreenTests.swift */; };
		1E9D2847ACB5485C9DC68EBF /* PracticePlan.json in Resources */ = {isa = PBXBuildFile; fileRef = E02EC24596CE4959BC0BC3C7 /* PracticePlan.json */; };
		6C80A0C8FC4D4B469C75B2F3 /* IssueText.swift in Sources */ = {isa = PBXBuildFile; fileRef = 75526396D1A74E22A972FEFE /* IssueText.swift */; };
		2DBC1D3E58F2433F8C3A2984 /* HomeAndAddPlanTests.swift in Sources */ = {isa = PBXBuildFile; fileRef = 5DA40AD2EC704BBB9E553F84 /* HomeAndAddPlanTests.swift */; };
		F277F703A34A40C19BCAA6E1 /* SummaryAndVisualTests.swift in Sources */ = {isa = PBXBuildFile; fileRef = 5A0BC7C88ED0455A903A134F /* SummaryAndVisualTests.swift */; };
		313D1872CBBA41DC97C0FF9F /* DeferExerciseTests.swift in Sources */ = {isa = PBXBuildFile; fileRef = 3462E0085F17437EB42E3698 /* DeferExerciseTests.swift */; };
		A492ACC7E6DC417CAA44B3CD /* PlanEdit.swift in Sources */ = {isa = PBXBuildFile; fileRef = 663B3800504F4B8DA27901D8 /* PlanEdit.swift */; };
		C7C1FC41DF9D4B738CB4218E /* PlanEditTests.swift in Sources */ = {isa = PBXBuildFile; fileRef = 50898AF7E3D34D6FA79A029D /* PlanEditTests.swift */; };
		D51B17DD12CF41E1B60CACE9 /* RecordsAndChartTests.swift in Sources */ = {isa = PBXBuildFile; fileRef = 3A42DD0821E6469E98D2DD2B /* RecordsAndChartTests.swift */; };
		A31F2A1D1F21423DA0F5C2C8 /* RestoreTests.swift in Sources */ = {isa = PBXBuildFile; fileRef = 504D0ADE7AE6443AAA6B7E67 /* RestoreTests.swift */; };
		CB1471644E3041D5B04400A5 /* DefectFixesTests.swift in Sources */ = {isa = PBXBuildFile; fileRef = B24F0216C1DA4FBBB0319F1D /* DefectFixesTests.swift */; };
		85155F8551B3400EBFE5AF16 /* Persistence.swift in Sources */ = {isa = PBXBuildFile; fileRef = 5951B5AA9CFB4BC9870DE884 /* Persistence.swift */; };
		F3F2E407E6474AB9A9D9024A /* StoreMigrationTests.swift in Sources */ = {isa = PBXBuildFile; fileRef = EEAB911FCA164B2986F11CEC /* StoreMigrationTests.swift */; };
		F88C0EE10EB846BAAE7E061F /* PromptPinningTests.swift in Sources */ = {isa = PBXBuildFile; fileRef = ED983CB703654E2CA74D6614 /* PromptPinningTests.swift */; };
		8B85B26EE72743A49B7DC371 /* WarmUpAndTransitionTests.swift in Sources */ = {isa = PBXBuildFile; fileRef = BB8616271F4349C09DCE11D0 /* WarmUpAndTransitionTests.swift */; };
		04995D30F96D4D12B836BBA3 /* WeightRounding.swift in Sources */ = {isa = PBXBuildFile; fileRef = 7E97615AB1534A32883DE9D2 /* WeightRounding.swift */; };
		99FB4E145F5144CC8098858E /* SuggestionTests.swift in Sources */ = {isa = PBXBuildFile; fileRef = 0254FA87619547C199AF9402 /* SuggestionTests.swift */; };
		A2FEB4D9854045CF98BE6AF2 /* ScheduleAnchorTests.swift in Sources */ = {isa = PBXBuildFile; fileRef = 246711AEC6EA417E8E18B535 /* ScheduleAnchorTests.swift */; };
		461B0E6249E24BBE8E628D49 /* Metrics.swift in Sources */ = {isa = PBXBuildFile; fileRef = 61562CA5243749B5B90ED467 /* Metrics.swift */; };
		E41B6409F7DC4107A48C8DDF /* MetricsView.swift in Sources */ = {isa = PBXBuildFile; fileRef = 90E451936EF7424D9B04AEE3 /* MetricsView.swift */; };
		3F695B4C1054440FA19BD4A5 /* MetricsTests.swift in Sources */ = {isa = PBXBuildFile; fileRef = E48DE3944FA443E88F409422 /* MetricsTests.swift */; };
		285D21262FE942AB9F9D2DE5 /* WorkoutActivity.swift in Sources */ = {isa = PBXBuildFile; fileRef = BA72B469648A469895316435 /* WorkoutActivity.swift */; };
		6F40DAF28A6E400785B5D6E7 /* WorkoutActivityState.swift in Sources */ = {isa = PBXBuildFile; fileRef = D433685A1BA648309AEB614B /* WorkoutActivityState.swift */; };
		7E907E4DC7844438A02C1233 /* JimmsBroActivityBundle.swift in Sources */ = {isa = PBXBuildFile; fileRef = 2ED2A25AACCA4258B847AD64 /* JimmsBroActivityBundle.swift */; };
		BD51AC2137BB473F9D26A2D9 /* WorkoutActivityAttributes.swift in Sources */ = {isa = PBXBuildFile; fileRef = 467D48029A8C4F5E9A1ACFEB /* WorkoutActivityAttributes.swift */; };
		35564E3615584AD098C5E1C8 /* WorkoutLiveActivity.swift in Sources */ = {isa = PBXBuildFile; fileRef = 1AD0B568FE934602A17C6661 /* WorkoutLiveActivity.swift */; };
		9B4867E17DD7498AADF58DBB /* WorkoutActivityState.swift in Sources */ = {isa = PBXBuildFile; fileRef = D433685A1BA648309AEB614B /* WorkoutActivityState.swift */; };
		1F76308D44D04B868D5B81BFB /* JimmsBroActivity.appex in Embed Foundation Extensions */ = {isa = PBXBuildFile; fileRef = FE4CFF0CA2234C04A5F8C329 /* JimmsBroActivity.appex */; settings = {ATTRIBUTES = (RemoveHeadersOnCopy, ); }; };
		9FBBABF59F6C423185988FA6 /* SystemActivities.swift in Sources */ = {isa = PBXBuildFile; fileRef = 9ECE5A2B825C4D899A98760D /* SystemActivities.swift */; };
		91F813883A2E4C74A3DB1074 /* WorkoutActivityAttributes.swift in Sources */ = {isa = PBXBuildFile; fileRef = 467D48029A8C4F5E9A1ACFEB /* WorkoutActivityAttributes.swift */; };
		5CF563E7589A4C9DB7E6FABC /* ActivityTests.swift in Sources */ = {isa = PBXBuildFile; fileRef = 5418E891D2194939B62AE34D /* ActivityTests.swift */; };
/* End PBXBuildFile section */

/* Begin PBXContainerItemProxy section */
		D799BAE6088A90139B415FCC /* PBXContainerItemProxy */ = {
			isa = PBXContainerItemProxy;
			containerPortal = 98F54143AB4E86B28C3AFEE0 /* Project object */;
			proxyType = 1;
			remoteGlobalIDString = 4F6027D858B72CC70E5CC8E9;
			remoteInfo = JimmsBro;
		};
		BD1726A1C48448E1BB2B391D /* PBXContainerItemProxy */ = {
			isa = PBXContainerItemProxy;
			containerPortal = 98F54143AB4E86B28C3AFEE0 /* Project object */;
			proxyType = 1;
			remoteGlobalIDString = 1FB52B71588C45BF856C2658;
			remoteInfo = JimmsBroActivity;
		};
/* End PBXContainerItemProxy section */

/* Begin PBXCopyFilesBuildPhase section */
		1F76308D44D04B868D5B81BF /* Embed Foundation Extensions */ = {
			isa = PBXCopyFilesBuildPhase;
			buildActionMask = 2147483647;
			dstPath = "";
			dstSubfolderSpec = 13;
			files = (
				1F76308D44D04B868D5B81BFB /* JimmsBroActivity.appex in Embed Foundation Extensions */,
			);
			name = "Embed Foundation Extensions";
			runOnlyForDeploymentPostprocessing = 0;
		};
/* End PBXCopyFilesBuildPhase section */

/* Begin PBXFileReference section */
		A9833F12841D4DCFB6BD7AD2 /* GoalTests.swift */ = {isa = PBXFileReference; lastKnownFileType = sourcecode.swift; path = GoalTests.swift; sourceTree = "<group>"; };
		6024227A461A4433A1E43A87 /* GoalsView.swift */ = {isa = PBXFileReference; lastKnownFileType = sourcecode.swift; path = GoalsView.swift; sourceTree = "<group>"; };
		82C67797DFA2479ABD3AA9FC /* GoalsModel.swift */ = {isa = PBXFileReference; lastKnownFileType = sourcecode.swift; path = GoalsModel.swift; sourceTree = "<group>"; };
		E2A952D2EB8B426DB3290340 /* Goals.swift */ = {isa = PBXFileReference; lastKnownFileType = sourcecode.swift; path = Goals.swift; sourceTree = "<group>"; };
		3B7999AD7451470B9EF55A69 /* StepProgressionTests.swift */ = {isa = PBXFileReference; lastKnownFileType = sourcecode.swift; path = StepProgressionTests.swift; sourceTree = "<group>"; };
		439CE55246D549E1A020FA0E /* DraftPlanTests.swift */ = {isa = PBXFileReference; lastKnownFileType = sourcecode.swift; path = DraftPlanTests.swift; sourceTree = "<group>"; };
		3C680AFEE3D8467CBE5D18A7 /* DraftPlanView.swift */ = {isa = PBXFileReference; lastKnownFileType = sourcecode.swift; path = DraftPlanView.swift; sourceTree = "<group>"; };
		8A15660A070849DD9F150CE6 /* DraftModel.swift */ = {isa = PBXFileReference; lastKnownFileType = sourcecode.swift; path = DraftModel.swift; sourceTree = "<group>"; };
		AB6D6F6D20E64623A6844375 /* PlanDraft.swift */ = {isa = PBXFileReference; lastKnownFileType = sourcecode.swift; path = PlanDraft.swift; sourceTree = "<group>"; };
		7CF89143A6A24A11AD257E08 /* InReserveTests.swift */ = {isa = PBXFileReference; lastKnownFileType = sourcecode.swift; path = InReserveTests.swift; sourceTree = "<group>"; };
		1E635E7EA3F746999CDF7B7A /* ClarityTests.swift */ = {isa = PBXFileReference; lastKnownFileType = sourcecode.swift; path = ClarityTests.swift; sourceTree = "<group>"; };
		339B9278096A6BDBEC9F29F2 /* UsabilityTests.swift */ = {isa = PBXFileReference; lastKnownFileType = sourcecode.swift; path = UsabilityTests.swift; sourceTree = "<group>"; };
		7A4FF34348CD4A5A9817D5DF /* IntroductionTests.swift */ = {isa = PBXFileReference; lastKnownFileType = sourcecode.swift; path = IntroductionTests.swift; sourceTree = "<group>"; };
		1611CF2EBEDC4B84BB786C9E /* IntroductionView.swift */ = {isa = PBXFileReference; lastKnownFileType = sourcecode.swift; path = IntroductionView.swift; sourceTree = "<group>"; };
		296E62D52FE147DC91EFCE6F /* Introduction.swift */ = {isa = PBXFileReference; lastKnownFileType = sourcecode.swift; path = Introduction.swift; sourceTree = "<group>"; };
		CC3062DA399F4FC0ADD64D9E /* BuiltInPlanTests.swift */ = {isa = PBXFileReference; lastKnownFileType = sourcecode.swift; path = BuiltInPlanTests.swift; sourceTree = "<group>"; };
		C8CDB2F88DB14AD0A26C942E /* AtHome.json */ = {isa = PBXFileReference; lastKnownFileType = text.json; path = AtHome.json; sourceTree = "<group>"; };
		289F8580F27B49D7BC0804D4 /* PushPullLegs.json */ = {isa = PBXFileReference; lastKnownFileType = text.json; path = PushPullLegs.json; sourceTree = "<group>"; };
		82B6AB20F82B40568C27006A /* UpperLower.json */ = {isa = PBXFileReference; lastKnownFileType = text.json; path = UpperLower.json; sourceTree = "<group>"; };
		002B6EBB35854D4CA6360C08 /* FullBody.json */ = {isa = PBXFileReference; lastKnownFileType = text.json; path = FullBody.json; sourceTree = "<group>"; };
		A6C0506D07AD421E879569A7 /* BuiltInPlansView.swift */ = {isa = PBXFileReference; lastKnownFileType = sourcecode.swift; path = BuiltInPlansView.swift; sourceTree = "<group>"; };
		D3ECF487372748A5AE1E91CB /* BuiltInPlans.swift */ = {isa = PBXFileReference; lastKnownFileType = sourcecode.swift; path = BuiltInPlans.swift; sourceTree = "<group>"; };
		2103E9EAD9FA4C7C9E983661 /* ResponsivenessTests.swift */ = {isa = PBXFileReference; lastKnownFileType = sourcecode.swift; path = ResponsivenessTests.swift; sourceTree = "<group>"; };
		E9E6A382E1EE403A84C759E7 /* ProgressionTests.swift */ = {isa = PBXFileReference; lastKnownFileType = sourcecode.swift; path = ProgressionTests.swift; sourceTree = "<group>"; };
		4121368C37C7456EAB61E006 /* ProgressionView.swift */ = {isa = PBXFileReference; lastKnownFileType = sourcecode.swift; path = ProgressionView.swift; sourceTree = "<group>"; };
		4FBD27D2E11B430C937A1579 /* ProgressionModel.swift */ = {isa = PBXFileReference; lastKnownFileType = sourcecode.swift; path = ProgressionModel.swift; sourceTree = "<group>"; };
		E741F068B39644FBA12803B9 /* Progression.swift */ = {isa = PBXFileReference; lastKnownFileType = sourcecode.swift; path = Progression.swift; sourceTree = "<group>"; };
		E5AC840139EE42C7BD4BAC83 /* HistoryCSVTests.swift */ = {isa = PBXFileReference; lastKnownFileType = sourcecode.swift; path = HistoryCSVTests.swift; sourceTree = "<group>"; };
		E8E8D44053024272B13E21A9 /* HistoryImportFlow.swift */ = {isa = PBXFileReference; lastKnownFileType = sourcecode.swift; path = HistoryImportFlow.swift; sourceTree = "<group>"; };
		CD9927C3B8D84753A38D46D3 /* HistoryTransfer.swift */ = {isa = PBXFileReference; lastKnownFileType = sourcecode.swift; path = HistoryTransfer.swift; sourceTree = "<group>"; };
		D785BE8793B4406986BDBEE7 /* HistoryCSV.swift */ = {isa = PBXFileReference; lastKnownFileType = sourcecode.swift; path = HistoryCSV.swift; sourceTree = "<group>"; };
		F3B42BB5F37D4577BB31378A /* JSONEditTests.swift */ = {isa = PBXFileReference; lastKnownFileType = sourcecode.swift; path = JSONEditTests.swift; sourceTree = "<group>"; };
		B2E6EBAEA094407981604FCE /* JSONFragmentSheet.swift */ = {isa = PBXFileReference; lastKnownFileType = sourcecode.swift; path = JSONFragmentSheet.swift; sourceTree = "<group>"; };
		1374E419EAD343B697A28F06 /* ChangeExerciseTests.swift */ = {isa = PBXFileReference; lastKnownFileType = sourcecode.swift; path = ChangeExerciseTests.swift; sourceTree = "<group>"; };
		B213B7B0ED784B51A6EF7592 /* ChangeExerciseSheet.swift */ = {isa = PBXFileReference; lastKnownFileType = sourcecode.swift; path = ChangeExerciseSheet.swift; sourceTree = "<group>"; };
		03C57A441932DB44EDA5A940 /* PlanLibrary.swift */ = {isa = PBXFileReference; lastKnownFileType = sourcecode.swift; path = PlanLibrary.swift; sourceTree = "<group>"; };
		05EC05A0A4104F4E9E910F0D /* SummaryView.swift */ = {isa = PBXFileReference; lastKnownFileType = sourcecode.swift; path = SummaryView.swift; sourceTree = "<group>"; };
		06BB807B4C94476D9B4D025C /* warning.caf */ = {isa = PBXFileReference; lastKnownFileType = file; path = warning.caf; sourceTree = "<group>"; };
		070F5AD1D87E47ACBE99D42E /* StoreTests.swift */ = {isa = PBXFileReference; lastKnownFileType = sourcecode.swift; path = StoreTests.swift; sourceTree = "<group>"; };
		14C085B903744B44BD315E08 /* SettingsView.swift */ = {isa = PBXFileReference; lastKnownFileType = sourcecode.swift; path = SettingsView.swift; sourceTree = "<group>"; };
		17CAC07644064B5B92B796A9 /* RawJSON.swift */ = {isa = PBXFileReference; lastKnownFileType = sourcecode.swift; path = RawJSON.swift; sourceTree = "<group>"; };
		181388EC300A446E84181414 /* InputRules.swift */ = {isa = PBXFileReference; lastKnownFileType = sourcecode.swift; path = InputRules.swift; sourceTree = "<group>"; };
		1E6EEF3A6E87E743BB4CE749 /* Stats.swift */ = {isa = PBXFileReference; lastKnownFileType = sourcecode.swift; path = Stats.swift; sourceTree = "<group>"; };
		20FFB53CE37AC01F8417CD08 /* PlanImport.swift */ = {isa = PBXFileReference; lastKnownFileType = sourcecode.swift; path = PlanImport.swift; sourceTree = "<group>"; };
		2FE314A02BFE4034970A22BA /* AppModel.swift */ = {isa = PBXFileReference; lastKnownFileType = sourcecode.swift; path = AppModel.swift; sourceTree = "<group>"; };
		320F3CB9B860D6BE43D942AD /* CoreTestSupport.swift */ = {isa = PBXFileReference; lastKnownFileType = sourcecode.swift; path = CoreTestSupport.swift; sourceTree = "<group>"; };
		3333E8C09AC641FCA2470B96 /* WorkoutView.swift */ = {isa = PBXFileReference; lastKnownFileType = sourcecode.swift; path = WorkoutView.swift; sourceTree = "<group>"; };
		38D8FE5C3796E1B93CEB59DC /* beep.wav */ = {isa = PBXFileReference; lastKnownFileType = audio.wav; path = beep.wav; sourceTree = "<group>"; };
		48EDD0DCF93B4C6A8CF75916 /* PlansView.swift */ = {isa = PBXFileReference; lastKnownFileType = sourcecode.swift; path = PlansView.swift; sourceTree = "<group>"; };
		4AF801046A284D7EA37D3BEC /* Alerts.swift */ = {isa = PBXFileReference; lastKnownFileType = sourcecode.swift; path = Alerts.swift; sourceTree = "<group>"; };
		4D2CB7912798E46FADE104BE /* PrefillAndStatsTests.swift */ = {isa = PBXFileReference; lastKnownFileType = sourcecode.swift; path = PrefillAndStatsTests.swift; sourceTree = "<group>"; };
		559100F244E7447A9C1DEA28 /* SessionRunner.swift */ = {isa = PBXFileReference; lastKnownFileType = sourcecode.swift; path = SessionRunner.swift; sourceTree = "<group>"; };
		671B69BD2FF44343ADA1FCC2 /* HistoryGrouping.swift */ = {isa = PBXFileReference; lastKnownFileType = sourcecode.swift; path = HistoryGrouping.swift; sourceTree = "<group>"; };
		67CB9B0B86A94DBC8693CAC4 /* ImportView.swift */ = {isa = PBXFileReference; lastKnownFileType = sourcecode.swift; path = ImportView.swift; sourceTree = "<group>"; };
		6F0B5BA93D7D4DB7A7D7713D /* HistoryTests.swift */ = {isa = PBXFileReference; lastKnownFileType = sourcecode.swift; path = HistoryTests.swift; sourceTree = "<group>"; };
		72A3F28DDEE4461A904E029C /* SystemAlerts.swift */ = {isa = PBXFileReference; lastKnownFileType = sourcecode.swift; path = SystemAlerts.swift; sourceTree = "<group>"; };
		8151325DCDBAE9E0FF95F9F9 /* SamplePlan.json */ = {isa = PBXFileReference; lastKnownFileType = text.json; path = SamplePlan.json; sourceTree = "<group>"; };
		853FD2E804614C1DF933A1EF /* Prefill.swift */ = {isa = PBXFileReference; lastKnownFileType = sourcecode.swift; path = Prefill.swift; sourceTree = "<group>"; };
		8919F66F0992DE2AC46E5935 /* JimmsBroApp.swift */ = {isa = PBXFileReference; lastKnownFileType = sourcecode.swift; path = JimmsBroApp.swift; sourceTree = "<group>"; };
		8926E2574F1770416B2268C5 /* README.md */ = {isa = PBXFileReference; lastKnownFileType = net.daringfireball.markdown; path = README.md; sourceTree = "<group>"; };
		8B9E5C3E88F646F9A2F4DA06 /* RootView.swift */ = {isa = PBXFileReference; lastKnownFileType = sourcecode.swift; path = RootView.swift; sourceTree = "<group>"; };
		99345CE680CD3E48ACDB9AB4 /* examples */ = {isa = PBXFileReference; lastKnownFileType = folder; path = examples; sourceTree = "<group>"; };
		99BC0485AA30C92B8FA9747D /* LibraryCalendarPromptTests.swift */ = {isa = PBXFileReference; lastKnownFileType = sourcecode.swift; path = LibraryCalendarPromptTests.swift; sourceTree = "<group>"; };
		9A6397945E8E44B99A01FA8B /* SessionDetailView.swift */ = {isa = PBXFileReference; lastKnownFileType = sourcecode.swift; path = SessionDetailView.swift; sourceTree = "<group>"; };
		9A95A95C4DF94E04BF321485 /* WorkoutTests.swift */ = {isa = PBXFileReference; lastKnownFileType = sourcecode.swift; path = WorkoutTests.swift; sourceTree = "<group>"; };
		9B092D0379664FCC982AEE04 /* OverviewView.swift */ = {isa = PBXFileReference; lastKnownFileType = sourcecode.swift; path = OverviewView.swift; sourceTree = "<group>"; };
		9E1A0F5D06791E5C42ABF4B6 /* Steps.swift */ = {isa = PBXFileReference; lastKnownFileType = sourcecode.swift; path = Steps.swift; sourceTree = "<group>"; };
		9ECD2380C05A49F88B708E06 /* SettingsAndHomeTests.swift */ = {isa = PBXFileReference; lastKnownFileType = sourcecode.swift; path = SettingsAndHomeTests.swift; sourceTree = "<group>"; };
		A37E7EA4A09C4F2F82EB4C2D /* SettingsPolishTests.swift */ = {isa = PBXFileReference; lastKnownFileType = sourcecode.swift; path = SettingsPolishTests.swift; sourceTree = "<group>"; };
		A94A8FE5CCB19BA61C4C0873 /* ProjectSkeletonTests.swift */ = {isa = PBXFileReference; lastKnownFileType = sourcecode.swift; path = ProjectSkeletonTests.swift; sourceTree = "<group>"; };
		AEB8B919339D454CBB9C427B /* Clipboard.swift */ = {isa = PBXFileReference; lastKnownFileType = sourcecode.swift; path = Clipboard.swift; sourceTree = "<group>"; };
		B0E13F6504754DBDB320FBF3 /* HistoryView.swift */ = {isa = PBXFileReference; lastKnownFileType = sourcecode.swift; path = HistoryView.swift; sourceTree = "<group>"; };
		B7480EC88B7F22D0A4757273 /* JimmsBroTests.xctest */ = {isa = PBXFileReference; explicitFileType = wrapper.cfbundle; includeInIndex = 0; path = JimmsBroTests.xctest; sourceTree = BUILT_PRODUCTS_DIR; };
		B9287B42BCB4E00C89CF46D4 /* Models.swift */ = {isa = PBXFileReference; lastKnownFileType = sourcecode.swift; path = Models.swift; sourceTree = "<group>"; };
		C12EA327062247E39E3CE4EB /* ExerciseHistoryView.swift */ = {isa = PBXFileReference; lastKnownFileType = sourcecode.swift; path = ExerciseHistoryView.swift; sourceTree = "<group>"; };
		C57E08AF28C85E7FE987028F /* FixtureLoader.swift */ = {isa = PBXFileReference; lastKnownFileType = sourcecode.swift; path = FixtureLoader.swift; sourceTree = "<group>"; };
		CCD6005D8B4C4BEBB795803C /* PlanDetailView.swift */ = {isa = PBXFileReference; lastKnownFileType = sourcecode.swift; path = PlanDetailView.swift; sourceTree = "<group>"; };
		CDA044974DCA905789A478AD /* StepsAndEngineTests.swift */ = {isa = PBXFileReference; lastKnownFileType = sourcecode.swift; path = StepsAndEngineTests.swift; sourceTree = "<group>"; };
		D59CB6FE77AA47F178F63913 /* ImportTests.swift */ = {isa = PBXFileReference; lastKnownFileType = sourcecode.swift; path = ImportTests.swift; sourceTree = "<group>"; };
		D6604E6C9663F8EF97F6CAB5 /* SessionEngine.swift */ = {isa = PBXFileReference; lastKnownFileType = sourcecode.swift; path = SessionEngine.swift; sourceTree = "<group>"; };
		D832A5437E88562B87368D3E /* CalendarProjection.swift */ = {isa = PBXFileReference; lastKnownFileType = sourcecode.swift; path = CalendarProjection.swift; sourceTree = "<group>"; };
		DD6B68E4227F6E4C8E2C4443 /* Prompts.swift */ = {isa = PBXFileReference; lastKnownFileType = sourcecode.swift; path = Prompts.swift; sourceTree = "<group>"; };
		E370B67918754FB7815F644C /* StoreFiles.swift */ = {isa = PBXFileReference; lastKnownFileType = sourcecode.swift; path = StoreFiles.swift; sourceTree = "<group>"; };
		E6FC57C251E9E1BEC1D3C0D2 /* JimmsBro.app */ = {isa = PBXFileReference; explicitFileType = wrapper.application; includeInIndex = 0; path = JimmsBro.app; sourceTree = BUILT_PRODUCTS_DIR; };
		E83249BD3BA79932E16FB1FB /* HomeView.swift */ = {isa = PBXFileReference; lastKnownFileType = sourcecode.swift; path = HomeView.swift; sourceTree = "<group>"; };
		FA04F1C71678704412B2A759 /* README.md */ = {isa = PBXFileReference; lastKnownFileType = net.daringfireball.markdown; path = README.md; sourceTree = "<group>"; };
		FB76764142694BCEB0BE8F66 /* Assets.xcassets */ = {isa = PBXFileReference; lastKnownFileType = folder.assetcatalog; path = Assets.xcassets; sourceTree = "<group>"; };
		FF7FB3A73467463C82F6027F /* Store.swift */ = {isa = PBXFileReference; lastKnownFileType = sourcecode.swift; path = Store.swift; sourceTree = "<group>"; };
		FFE14A9242514C71B4193FA3 /* HomeCard.swift */ = {isa = PBXFileReference; lastKnownFileType = sourcecode.swift; path = HomeCard.swift; sourceTree = "<group>"; };
		E2377BC537B24FBBA5CF2DD3 /* WorkoutScreen.swift */ = {isa = PBXFileReference; lastKnownFileType = sourcecode.swift; path = WorkoutScreen.swift; sourceTree = "<group>"; };
		34138007B45D4150AF304B1E /* WorkoutScreenTests.swift */ = {isa = PBXFileReference; lastKnownFileType = sourcecode.swift; path = WorkoutScreenTests.swift; sourceTree = "<group>"; };
		E02EC24596CE4959BC0BC3C7 /* PracticePlan.json */ = {isa = PBXFileReference; lastKnownFileType = text.json; path = PracticePlan.json; sourceTree = "<group>"; };
		75526396D1A74E22A972FEFE /* IssueText.swift */ = {isa = PBXFileReference; lastKnownFileType = sourcecode.swift; path = IssueText.swift; sourceTree = "<group>"; };
		5DA40AD2EC704BBB9E553F84 /* HomeAndAddPlanTests.swift */ = {isa = PBXFileReference; lastKnownFileType = sourcecode.swift; path = HomeAndAddPlanTests.swift; sourceTree = "<group>"; };
		5A0BC7C88ED0455A903A134F /* SummaryAndVisualTests.swift */ = {isa = PBXFileReference; lastKnownFileType = sourcecode.swift; path = SummaryAndVisualTests.swift; sourceTree = "<group>"; };
		3462E0085F17437EB42E3698 /* DeferExerciseTests.swift */ = {isa = PBXFileReference; lastKnownFileType = sourcecode.swift; path = DeferExerciseTests.swift; sourceTree = "<group>"; };
		663B3800504F4B8DA27901D8 /* PlanEdit.swift */ = {isa = PBXFileReference; lastKnownFileType = sourcecode.swift; path = PlanEdit.swift; sourceTree = "<group>"; };
		50898AF7E3D34D6FA79A029D /* PlanEditTests.swift */ = {isa = PBXFileReference; lastKnownFileType = sourcecode.swift; path = PlanEditTests.swift; sourceTree = "<group>"; };
		3A42DD0821E6469E98D2DD2B /* RecordsAndChartTests.swift */ = {isa = PBXFileReference; lastKnownFileType = sourcecode.swift; path = RecordsAndChartTests.swift; sourceTree = "<group>"; };
		504D0ADE7AE6443AAA6B7E67 /* RestoreTests.swift */ = {isa = PBXFileReference; lastKnownFileType = sourcecode.swift; path = RestoreTests.swift; sourceTree = "<group>"; };
		B24F0216C1DA4FBBB0319F1D /* DefectFixesTests.swift */ = {isa = PBXFileReference; lastKnownFileType = sourcecode.swift; path = DefectFixesTests.swift; sourceTree = "<group>"; };
		5951B5AA9CFB4BC9870DE884 /* Persistence.swift */ = {isa = PBXFileReference; lastKnownFileType = sourcecode.swift; path = Persistence.swift; sourceTree = "<group>"; };
		EEAB911FCA164B2986F11CEC /* StoreMigrationTests.swift */ = {isa = PBXFileReference; lastKnownFileType = sourcecode.swift; path = StoreMigrationTests.swift; sourceTree = "<group>"; };
		ED983CB703654E2CA74D6614 /* PromptPinningTests.swift */ = {isa = PBXFileReference; lastKnownFileType = sourcecode.swift; path = PromptPinningTests.swift; sourceTree = "<group>"; };
		BB8616271F4349C09DCE11D0 /* WarmUpAndTransitionTests.swift */ = {isa = PBXFileReference; lastKnownFileType = sourcecode.swift; path = WarmUpAndTransitionTests.swift; sourceTree = "<group>"; };
		7E97615AB1534A32883DE9D2 /* WeightRounding.swift */ = {isa = PBXFileReference; lastKnownFileType = sourcecode.swift; path = WeightRounding.swift; sourceTree = "<group>"; };
		0254FA87619547C199AF9402 /* SuggestionTests.swift */ = {isa = PBXFileReference; lastKnownFileType = sourcecode.swift; path = SuggestionTests.swift; sourceTree = "<group>"; };
		246711AEC6EA417E8E18B535 /* ScheduleAnchorTests.swift */ = {isa = PBXFileReference; lastKnownFileType = sourcecode.swift; path = ScheduleAnchorTests.swift; sourceTree = "<group>"; };
		61562CA5243749B5B90ED467 /* Metrics.swift */ = {isa = PBXFileReference; lastKnownFileType = sourcecode.swift; path = Metrics.swift; sourceTree = "<group>"; };
		90E451936EF7424D9B04AEE3 /* MetricsView.swift */ = {isa = PBXFileReference; lastKnownFileType = sourcecode.swift; path = MetricsView.swift; sourceTree = "<group>"; };
		E48DE3944FA443E88F409422 /* MetricsTests.swift */ = {isa = PBXFileReference; lastKnownFileType = sourcecode.swift; path = MetricsTests.swift; sourceTree = "<group>"; };
		BA72B469648A469895316435 /* WorkoutActivity.swift */ = {isa = PBXFileReference; lastKnownFileType = sourcecode.swift; path = WorkoutActivity.swift; sourceTree = "<group>"; };
		D433685A1BA648309AEB614B /* WorkoutActivityState.swift */ = {isa = PBXFileReference; lastKnownFileType = sourcecode.swift; path = WorkoutActivityState.swift; sourceTree = "<group>"; };
		2ED2A25AACCA4258B847AD64 /* JimmsBroActivityBundle.swift */ = {isa = PBXFileReference; lastKnownFileType = sourcecode.swift; path = JimmsBroActivityBundle.swift; sourceTree = "<group>"; };
		467D48029A8C4F5E9A1ACFEB /* WorkoutActivityAttributes.swift */ = {isa = PBXFileReference; lastKnownFileType = sourcecode.swift; path = WorkoutActivityAttributes.swift; sourceTree = "<group>"; };
		1AD0B568FE934602A17C6661 /* WorkoutLiveActivity.swift */ = {isa = PBXFileReference; lastKnownFileType = sourcecode.swift; path = WorkoutLiveActivity.swift; sourceTree = "<group>"; };
		FE4CFF0CA2234C04A5F8C329 /* JimmsBroActivity.appex */ = {isa = PBXFileReference; explicitFileType = "wrapper.app-extension"; includeInIndex = 0; path = JimmsBroActivity.appex; sourceTree = BUILT_PRODUCTS_DIR; };
		9ECE5A2B825C4D899A98760D /* SystemActivities.swift */ = {isa = PBXFileReference; lastKnownFileType = sourcecode.swift; path = SystemActivities.swift; sourceTree = "<group>"; };
		5418E891D2194939B62AE34D /* ActivityTests.swift */ = {isa = PBXFileReference; lastKnownFileType = sourcecode.swift; path = ActivityTests.swift; sourceTree = "<group>"; };
/* End PBXFileReference section */

/* Begin PBXFrameworksBuildPhase section */
		12384B5908BE5FE5B3301CEE /* Frameworks */ = {
			isa = PBXFrameworksBuildPhase;
			buildActionMask = 2147483647;
			files = (
			);
			runOnlyForDeploymentPostprocessing = 0;
		};
		99C7943D90D870A50ADE9160 /* Frameworks */ = {
			isa = PBXFrameworksBuildPhase;
			buildActionMask = 2147483647;
			files = (
			);
			runOnlyForDeploymentPostprocessing = 0;
		};
		059B396104474DEF93966BCE /* Frameworks */ = {
			isa = PBXFrameworksBuildPhase;
			buildActionMask = 2147483647;
			files = (
			);
			runOnlyForDeploymentPostprocessing = 0;
		};
/* End PBXFrameworksBuildPhase section */

/* Begin PBXGroup section */
		0189424A5A60FED329FA868E /* Resources */ = {
			isa = PBXGroup;
			children = (
				C8CDB2F88DB14AD0A26C942E /* AtHome.json */,
				289F8580F27B49D7BC0804D4 /* PushPullLegs.json */,
				82B6AB20F82B40568C27006A /* UpperLower.json */,
				002B6EBB35854D4CA6360C08 /* FullBody.json */,
				FB76764142694BCEB0BE8F66 /* Assets.xcassets */,
				06BB807B4C94476D9B4D025C /* warning.caf */,
				8151325DCDBAE9E0FF95F9F9 /* SamplePlan.json */,
				E02EC24596CE4959BC0BC3C7 /* PracticePlan.json */,
				38D8FE5C3796E1B93CEB59DC /* beep.wav */,
			);
			path = Resources;
			sourceTree = "<group>";
		};
		28F7BA6D0F637B40D7DC3FBB /* Import */ = {
			isa = PBXGroup;
			children = (
				3C680AFEE3D8467CBE5D18A7 /* DraftPlanView.swift */,
				A6C0506D07AD421E879569A7 /* BuiltInPlansView.swift */,
				AEB8B919339D454CBB9C427B /* Clipboard.swift */,
				67CB9B0B86A94DBC8693CAC4 /* ImportView.swift */,
			);
			path = Import;
			sourceTree = "<group>";
		};
		2AF984875FBF19B6DA7E5CAE /* Workout */ = {
			isa = PBXGroup;
			children = (
				B213B7B0ED784B51A6EF7592 /* ChangeExerciseSheet.swift */,
				9ECE5A2B825C4D899A98760D /* SystemActivities.swift */,
				3333E8C09AC641FCA2470B96 /* WorkoutView.swift */,
				72A3F28DDEE4461A904E029C /* SystemAlerts.swift */,
			);
			path = Workout;
			sourceTree = "<group>";
		};
		3A21295D813C26EB287FC6B5 /* Store */ = {
			isa = PBXGroup;
			children = (
				82C67797DFA2479ABD3AA9FC /* GoalsModel.swift */,
				8A15660A070849DD9F150CE6 /* DraftModel.swift */,
				4FBD27D2E11B430C937A1579 /* ProgressionModel.swift */,
				CD9927C3B8D84753A38D46D3 /* HistoryTransfer.swift */,
				559100F244E7447A9C1DEA28 /* SessionRunner.swift */,
				2FE314A02BFE4034970A22BA /* AppModel.swift */,
				E370B67918754FB7815F644C /* StoreFiles.swift */,
				FF7FB3A73467463C82F6027F /* Store.swift */,
				8926E2574F1770416B2268C5 /* README.md */,
			);
			path = Store;
			sourceTree = "<group>";
		};
		3A2A88DEEFF3D1D23E496597 /* JimmsBro */ = {
			isa = PBXGroup;
			children = (
				8B9E5C3E88F646F9A2F4DA06 /* RootView.swift */,
				8919F66F0992DE2AC46E5935 /* JimmsBroApp.swift */,
				94A0426E8D3203DA5468CCF0 /* Core */,
				3A21295D813C26EB287FC6B5 /* Store */,
				4F944542E06CD6F28FA72685 /* Features */,
				0189424A5A60FED329FA868E /* Resources */,
			);
			path = JimmsBro;
			sourceTree = "<group>";
		};
		4F944542E06CD6F28FA72685 /* Features */ = {
			isa = PBXGroup;
			children = (
				8DB41853BCA3630CAEB0EE33 /* Home */,
				51B8A2A6CD629414AF2C5322 /* Plans */,
				5096789945D69DA3AC9A0D4A /* PlanDetail */,
				28F7BA6D0F637B40D7DC3FBB /* Import */,
				2AF984875FBF19B6DA7E5CAE /* Workout */,
				62090633D705103379D2F7C9 /* Overview */,
				B4F407F9EAF74CC5979B2AA1 /* Summary */,
				92ABE87DC72054B8947D373C /* History */,
				C2C1C349DF5E759D92E1532A /* SessionDetail */,
				B21DB6E50D8923C9CFECECB9 /* ExerciseHistory */,
				E22737E641EE6F926BADAEBF /* Settings */,
			);
			path = Features;
			sourceTree = "<group>";
		};
		5096789945D69DA3AC9A0D4A /* PlanDetail */ = {
			isa = PBXGroup;
			children = (
				4121368C37C7456EAB61E006 /* ProgressionView.swift */,
				B2E6EBAEA094407981604FCE /* JSONFragmentSheet.swift */,
				CCD6005D8B4C4BEBB795803C /* PlanDetailView.swift */,
			);
			path = PlanDetail;
			sourceTree = "<group>";
		};
		51B8A2A6CD629414AF2C5322 /* Plans */ = {
			isa = PBXGroup;
			children = (
				48EDD0DCF93B4C6A8CF75916 /* PlansView.swift */,
			);
			path = Plans;
			sourceTree = "<group>";
		};
		62090633D705103379D2F7C9 /* Overview */ = {
			isa = PBXGroup;
			children = (
				9B092D0379664FCC982AEE04 /* OverviewView.swift */,
			);
			path = Overview;
			sourceTree = "<group>";
		};
		8B7A6DECC0651D269EA794C7 /* JimmsBroTests */ = {
			isa = PBXGroup;
			children = (
				A9833F12841D4DCFB6BD7AD2 /* GoalTests.swift */,
				3B7999AD7451470B9EF55A69 /* StepProgressionTests.swift */,
				439CE55246D549E1A020FA0E /* DraftPlanTests.swift */,
				7CF89143A6A24A11AD257E08 /* InReserveTests.swift */,
				1E635E7EA3F746999CDF7B7A /* ClarityTests.swift */,
				339B9278096A6BDBEC9F29F2 /* UsabilityTests.swift */,
				7A4FF34348CD4A5A9817D5DF /* IntroductionTests.swift */,
				CC3062DA399F4FC0ADD64D9E /* BuiltInPlanTests.swift */,
				2103E9EAD9FA4C7C9E983661 /* ResponsivenessTests.swift */,
				E9E6A382E1EE403A84C759E7 /* ProgressionTests.swift */,
				E5AC840139EE42C7BD4BAC83 /* HistoryCSVTests.swift */,
				F3B42BB5F37D4577BB31378A /* JSONEditTests.swift */,
				1374E419EAD343B697A28F06 /* ChangeExerciseTests.swift */,
				5418E891D2194939B62AE34D /* ActivityTests.swift */,
				E48DE3944FA443E88F409422 /* MetricsTests.swift */,
				246711AEC6EA417E8E18B535 /* ScheduleAnchorTests.swift */,
				0254FA87619547C199AF9402 /* SuggestionTests.swift */,
				BB8616271F4349C09DCE11D0 /* WarmUpAndTransitionTests.swift */,
				ED983CB703654E2CA74D6614 /* PromptPinningTests.swift */,
				EEAB911FCA164B2986F11CEC /* StoreMigrationTests.swift */,
				B24F0216C1DA4FBBB0319F1D /* DefectFixesTests.swift */,
				504D0ADE7AE6443AAA6B7E67 /* RestoreTests.swift */,
				3A42DD0821E6469E98D2DD2B /* RecordsAndChartTests.swift */,
				50898AF7E3D34D6FA79A029D /* PlanEditTests.swift */,
				3462E0085F17437EB42E3698 /* DeferExerciseTests.swift */,
				5A0BC7C88ED0455A903A134F /* SummaryAndVisualTests.swift */,
				5DA40AD2EC704BBB9E553F84 /* HomeAndAddPlanTests.swift */,
				34138007B45D4150AF304B1E /* WorkoutScreenTests.swift */,
				A37E7EA4A09C4F2F82EB4C2D /* SettingsPolishTests.swift */,
				6F0B5BA93D7D4DB7A7D7713D /* HistoryTests.swift */,
				9A95A95C4DF94E04BF321485 /* WorkoutTests.swift */,
				9ECD2380C05A49F88B708E06 /* SettingsAndHomeTests.swift */,
				070F5AD1D87E47ACBE99D42E /* StoreTests.swift */,
				C57E08AF28C85E7FE987028F /* FixtureLoader.swift */,
				A94A8FE5CCB19BA61C4C0873 /* ProjectSkeletonTests.swift */,
				320F3CB9B860D6BE43D942AD /* CoreTestSupport.swift */,
				D59CB6FE77AA47F178F63913 /* ImportTests.swift */,
				99BC0485AA30C92B8FA9747D /* LibraryCalendarPromptTests.swift */,
				4D2CB7912798E46FADE104BE /* PrefillAndStatsTests.swift */,
				CDA044974DCA905789A478AD /* StepsAndEngineTests.swift */,
			);
			path = JimmsBroTests;
			sourceTree = "<group>";
		};
		8DB41853BCA3630CAEB0EE33 /* Home */ = {
			isa = PBXGroup;
			children = (
				1611CF2EBEDC4B84BB786C9E /* IntroductionView.swift */,
				E83249BD3BA79932E16FB1FB /* HomeView.swift */,
			);
			path = Home;
			sourceTree = "<group>";
		};
		92ABE87DC72054B8947D373C /* History */ = {
			isa = PBXGroup;
			children = (
				6024227A461A4433A1E43A87 /* GoalsView.swift */,
				90E451936EF7424D9B04AEE3 /* MetricsView.swift */,
				B0E13F6504754DBDB320FBF3 /* HistoryView.swift */,
			);
			path = History;
			sourceTree = "<group>";
		};
		94A0426E8D3203DA5468CCF0 /* Core */ = {
			isa = PBXGroup;
			children = (
				E2A952D2EB8B426DB3290340 /* Goals.swift */,
				AB6D6F6D20E64623A6844375 /* PlanDraft.swift */,
				296E62D52FE147DC91EFCE6F /* Introduction.swift */,
				D3ECF487372748A5AE1E91CB /* BuiltInPlans.swift */,
				E741F068B39644FBA12803B9 /* Progression.swift */,
				D785BE8793B4406986BDBEE7 /* HistoryCSV.swift */,
				D433685A1BA648309AEB614B /* WorkoutActivityState.swift */,
				BA72B469648A469895316435 /* WorkoutActivity.swift */,
				61562CA5243749B5B90ED467 /* Metrics.swift */,
				7E97615AB1534A32883DE9D2 /* WeightRounding.swift */,
				5951B5AA9CFB4BC9870DE884 /* Persistence.swift */,
				663B3800504F4B8DA27901D8 /* PlanEdit.swift */,
				75526396D1A74E22A972FEFE /* IssueText.swift */,
				E2377BC537B24FBBA5CF2DD3 /* WorkoutScreen.swift */,
				671B69BD2FF44343ADA1FCC2 /* HistoryGrouping.swift */,
				4AF801046A284D7EA37D3BEC /* Alerts.swift */,
				181388EC300A446E84181414 /* InputRules.swift */,
				FFE14A9242514C71B4193FA3 /* HomeCard.swift */,
				FA04F1C71678704412B2A759 /* README.md */,
				D832A5437E88562B87368D3E /* CalendarProjection.swift */,
				B9287B42BCB4E00C89CF46D4 /* Models.swift */,
				20FFB53CE37AC01F8417CD08 /* PlanImport.swift */,
				03C57A441932DB44EDA5A940 /* PlanLibrary.swift */,
				853FD2E804614C1DF933A1EF /* Prefill.swift */,
				DD6B68E4227F6E4C8E2C4443 /* Prompts.swift */,
				17CAC07644064B5B92B796A9 /* RawJSON.swift */,
				D6604E6C9663F8EF97F6CAB5 /* SessionEngine.swift */,
				1E6EEF3A6E87E743BB4CE749 /* Stats.swift */,
				9E1A0F5D06791E5C42ABF4B6 /* Steps.swift */,
			);
			path = Core;
			sourceTree = "<group>";
		};
		B21DB6E50D8923C9CFECECB9 /* ExerciseHistory */ = {
			isa = PBXGroup;
			children = (
				C12EA327062247E39E3CE4EB /* ExerciseHistoryView.swift */,
			);
			path = ExerciseHistory;
			sourceTree = "<group>";
		};
		B28B7AF69320201D1CF206EB = {
			isa = PBXGroup;
			children = (
				886FADECB1BF467FA1A4264A /* JimmsBroActivity */,
				3A2A88DEEFF3D1D23E496597 /* JimmsBro */,
				8B7A6DECC0651D269EA794C7 /* JimmsBroTests */,
				99345CE680CD3E48ACDB9AB4 /* examples */,
				FBDC4F23F93125BBEEAE800C /* Products */,
			);
			sourceTree = "<group>";
		};
		B4F407F9EAF74CC5979B2AA1 /* Summary */ = {
			isa = PBXGroup;
			children = (
				05EC05A0A4104F4E9E910F0D /* SummaryView.swift */,
			);
			path = Summary;
			sourceTree = "<group>";
		};
		C2C1C349DF5E759D92E1532A /* SessionDetail */ = {
			isa = PBXGroup;
			children = (
				9A6397945E8E44B99A01FA8B /* SessionDetailView.swift */,
			);
			path = SessionDetail;
			sourceTree = "<group>";
		};
		E22737E641EE6F926BADAEBF /* Settings */ = {
			isa = PBXGroup;
			children = (
				E8E8D44053024272B13E21A9 /* HistoryImportFlow.swift */,
				14C085B903744B44BD315E08 /* SettingsView.swift */,
			);
			path = Settings;
			sourceTree = "<group>";
		};
		FBDC4F23F93125BBEEAE800C /* Products */ = {
			isa = PBXGroup;
			children = (
				FE4CFF0CA2234C04A5F8C329 /* JimmsBroActivity.appex */,
				E6FC57C251E9E1BEC1D3C0D2 /* JimmsBro.app */,
				B7480EC88B7F22D0A4757273 /* JimmsBroTests.xctest */,
			);
			name = Products;
			sourceTree = "<group>";
		};
		886FADECB1BF467FA1A4264A /* JimmsBroActivity */ = {
			isa = PBXGroup;
			children = (
				2ED2A25AACCA4258B847AD64 /* JimmsBroActivityBundle.swift */,
				467D48029A8C4F5E9A1ACFEB /* WorkoutActivityAttributes.swift */,
				1AD0B568FE934602A17C6661 /* WorkoutLiveActivity.swift */,
			);
			path = JimmsBroActivity;
			sourceTree = "<group>";
		};
/* End PBXGroup section */

/* Begin PBXNativeTarget section */
		0A06C5E2DA34E686D888A695 /* JimmsBroTests */ = {
			isa = PBXNativeTarget;
			buildConfigurationList = 61AF5D6BEA2D148C6F2833BF /* Build configuration list for PBXNativeTarget "JimmsBroTests" */;
			buildPhases = (
				9F3002A5D69B22D357A58AA9 /* Sources */,
				99C7943D90D870A50ADE9160 /* Frameworks */,
				C584AE92222380FB29B6223F /* Resources */,
			);
			buildRules = (
			);
			dependencies = (
				DE58E2B17C19600779694943 /* PBXTargetDependency */,
			);
			name = JimmsBroTests;
			productName = JimmsBroTests;
			productReference = B7480EC88B7F22D0A4757273 /* JimmsBroTests.xctest */;
			productType = "com.apple.product-type.bundle.unit-test";
		};
		4F6027D858B72CC70E5CC8E9 /* JimmsBro */ = {
			isa = PBXNativeTarget;
			buildConfigurationList = F37922C48DA5978D02C9E50E /* Build configuration list for PBXNativeTarget "JimmsBro" */;
			buildPhases = (
				2D764CD838DB39F040AA7EC4 /* Sources */,
				12384B5908BE5FE5B3301CEE /* Frameworks */,
				06F5DC629BD46AAFD46564D1 /* Resources */,
				1F76308D44D04B868D5B81BF /* Embed Foundation Extensions */,
			);
			buildRules = (
			);
			dependencies = (
				CC2F9A27274D4F80BE71020B /* PBXTargetDependency */,
			);
			name = JimmsBro;
			productName = JimmsBro;
			productReference = E6FC57C251E9E1BEC1D3C0D2 /* JimmsBro.app */;
			productType = "com.apple.product-type.application";
		};
		1FB52B71588C45BF856C2658 /* JimmsBroActivity */ = {
			isa = PBXNativeTarget;
			buildConfigurationList = 34386063952345D5B66EB3B8 /* Build configuration list for PBXNativeTarget "JimmsBroActivity" */;
			buildPhases = (
				21825116F2554F89AF94BD95 /* Sources */,
				059B396104474DEF93966BCE /* Frameworks */,
				8F310705097E454FA37B1491 /* Resources */,
			);
			buildRules = (
			);
			dependencies = (
			);
			name = JimmsBroActivity;
			productName = JimmsBroActivity;
			productReference = FE4CFF0CA2234C04A5F8C329 /* JimmsBroActivity.appex */;
			productType = "com.apple.product-type.app-extension";
		};
/* End PBXNativeTarget section */

/* Begin PBXProject section */
		98F54143AB4E86B28C3AFEE0 /* Project object */ = {
			isa = PBXProject;
			attributes = {
				BuildIndependentTargetsInParallel = YES;
				LastUpgradeCheck = 2700;
				TargetAttributes = {
					0A06C5E2DA34E686D888A695 = {
						CreatedOnToolsVersion = 15.0;
						TestTargetID = 4F6027D858B72CC70E5CC8E9;
					};
					4F6027D858B72CC70E5CC8E9 = {
						CreatedOnToolsVersion = 15.0;
					};
					1FB52B71588C45BF856C2658 = {
						CreatedOnToolsVersion = 26.0;
					};
				};
			};
			buildConfigurationList = 862894B703A6DEDF96A9DD6C /* Build configuration list for PBXProject "JimmsBro" */;
			compatibilityVersion = "Xcode 14.0";
			developmentRegion = en;
			hasScannedForEncodings = 0;
			knownRegions = (
				en,
				Base,
			);
			mainGroup = B28B7AF69320201D1CF206EB;
			productRefGroup = FBDC4F23F93125BBEEAE800C /* Products */;
			projectDirPath = "";
			projectRoot = "";
			targets = (
				1FB52B71588C45BF856C2658 /* JimmsBroActivity */,
				4F6027D858B72CC70E5CC8E9 /* JimmsBro */,
				0A06C5E2DA34E686D888A695 /* JimmsBroTests */,
			);
		};
/* End PBXProject section */

/* Begin PBXResourcesBuildPhase section */
		06F5DC629BD46AAFD46564D1 /* Resources */ = {
			isa = PBXResourcesBuildPhase;
			buildActionMask = 2147483647;
			files = (
				02E4D8B5FCFB4D9CA112E4EF /* AtHome.json in Resources */,
				AAE988C037214297BBC80B32 /* PushPullLegs.json in Resources */,
				BFD5A999A03A4E98BA2B3A42 /* UpperLower.json in Resources */,
				D6B85C6B32B043FD98DE914B /* FullBody.json in Resources */,
				B38B78C43DCD44FC9D30F7B4 /* Assets.xcassets in Resources */,
				323B36204E1B446DBD69800E /* warning.caf in Resources */,
				8EF0A1D07DC79B7C1D0D3252 /* SamplePlan.json in Resources */,
				1E9D2847ACB5485C9DC68EBF /* PracticePlan.json in Resources */,
				BC721CFDEB66E5BD69269FB5 /* beep.wav in Resources */,
			);
			runOnlyForDeploymentPostprocessing = 0;
		};
		C584AE92222380FB29B6223F /* Resources */ = {
			isa = PBXResourcesBuildPhase;
			buildActionMask = 2147483647;
			files = (
				8E533D9E579C53F6D34F86A2 /* examples in Resources */,
			);
			runOnlyForDeploymentPostprocessing = 0;
		};
		8F310705097E454FA37B1491 /* Resources */ = {
			isa = PBXResourcesBuildPhase;
			buildActionMask = 2147483647;
			files = (
			);
			runOnlyForDeploymentPostprocessing = 0;
		};
/* End PBXResourcesBuildPhase section */

/* Begin PBXSourcesBuildPhase section */
		2D764CD838DB39F040AA7EC4 /* Sources */ = {
			isa = PBXSourcesBuildPhase;
			buildActionMask = 2147483647;
			files = (
				7C5684A9F24D40EB89F9F4E9 /* GoalsView.swift in Sources */,
				E97523CD2B19481A82A471FA /* GoalsModel.swift in Sources */,
				734F1603E1EF4558A1C0FD8F /* Goals.swift in Sources */,
				D1EA62BA895143DEB49130B8 /* DraftPlanView.swift in Sources */,
				712A4760F26A4AB3B14B5C50 /* DraftModel.swift in Sources */,
				F1E2D78EB69B4D84BB7235FF /* PlanDraft.swift in Sources */,
				198D82D2E4624379BB30206C /* IntroductionView.swift in Sources */,
				584C20992B1740DAB06C4356 /* Introduction.swift in Sources */,
				03D93867F935427B84947DCF /* BuiltInPlansView.swift in Sources */,
				884D26C8728A420F937F0C29 /* BuiltInPlans.swift in Sources */,
				C924AFF47036440097C8E751 /* ProgressionView.swift in Sources */,
				9B75BE6D69C2415C9D64E544 /* ProgressionModel.swift in Sources */,
				9549B2DF8E7F45A49124CA0D /* Progression.swift in Sources */,
				23795D6C27C3402C98C39D75 /* HistoryImportFlow.swift in Sources */,
				B7C60316184D462A9466602B /* HistoryTransfer.swift in Sources */,
				40D7674A880D4945A56B2B10 /* HistoryCSV.swift in Sources */,
				485BB3B824174DB98FA62F4A /* JSONFragmentSheet.swift in Sources */,
				8C433778AA4F41A9B54DD924 /* ChangeExerciseSheet.swift in Sources */,
				91F813883A2E4C74A3DB1074 /* WorkoutActivityAttributes.swift in Sources */,
				9FBBABF59F6C423185988FA6 /* SystemActivities.swift in Sources */,
				6F40DAF28A6E400785B5D6E7 /* WorkoutActivityState.swift in Sources */,
				285D21262FE942AB9F9D2DE5 /* WorkoutActivity.swift in Sources */,
				E41B6409F7DC4107A48C8DDF /* MetricsView.swift in Sources */,
				461B0E6249E24BBE8E628D49 /* Metrics.swift in Sources */,
				04995D30F96D4D12B836BBA3 /* WeightRounding.swift in Sources */,
				85155F8551B3400EBFE5AF16 /* Persistence.swift in Sources */,
				A492ACC7E6DC417CAA44B3CD /* PlanEdit.swift in Sources */,
				6C80A0C8FC4D4B469C75B2F3 /* IssueText.swift in Sources */,
				D1E9E0CFDF14435C80DF5A42 /* WorkoutScreen.swift in Sources */,
				961E8D6686FF44E29F58E022 /* ExerciseHistoryView.swift in Sources */,
				99810290625445718DCEA6A0 /* SessionDetailView.swift in Sources */,
				33811C4A861A4853B93631F7 /* HistoryView.swift in Sources */,
				9CC10CEB659B4A7985008B2E /* HistoryGrouping.swift in Sources */,
				9A5F8B6BFCCA411FB62321F6 /* SummaryView.swift in Sources */,
				F49F96D72E4A41BBB81E4C01 /* OverviewView.swift in Sources */,
				EA2ABD24FB1A447488C36041 /* WorkoutView.swift in Sources */,
				4CAEFC15B49C4D28A4F9C442 /* SessionRunner.swift in Sources */,
				F0FFA169D518471197D569BD /* SystemAlerts.swift in Sources */,
				C283C108C22F4BB18171840F /* Alerts.swift in Sources */,
				B330B7AB22DB41CEABAF6F74 /* InputRules.swift in Sources */,
				A8969767FC1E457DBDEB2AD4 /* SettingsView.swift in Sources */,
				2E047795A43146548977A2DF /* Clipboard.swift in Sources */,
				D5149120D99547DDBFD9BE46 /* ImportView.swift in Sources */,
				7902461861D2462AAE3C3EA5 /* PlanDetailView.swift in Sources */,
				F258845B92714547AC4ABBB9 /* PlansView.swift in Sources */,
				FD7B9204F72443C98096931B /* RootView.swift in Sources */,
				C78076146FF64FC086CFDE74 /* AppModel.swift in Sources */,
				AD76242ED722435ABA5BC7FC /* HomeCard.swift in Sources */,
				E5832E79ECB24747BF2E8DE0 /* StoreFiles.swift in Sources */,
				27057E6E82004BE891303904 /* Store.swift in Sources */,
				2CAA2329ED0122BBDA3E25D0 /* JimmsBroApp.swift in Sources */,
				26F2C1972C11BABA2E839F2E /* HomeView.swift in Sources */,
				78A7534ABC36EAA312FB9D9C /* CalendarProjection.swift in Sources */,
				C6B126D7C2C5346FA007BF2E /* Models.swift in Sources */,
				B14AA058BAFC9D16A2B2F3CC /* PlanImport.swift in Sources */,
				736C2148B6549DACC8770906 /* PlanLibrary.swift in Sources */,
				6748B4FD2723CBBA19513CB9 /* Prefill.swift in Sources */,
				96E494132E4EAE79737CAC7F /* Prompts.swift in Sources */,
				4B8005B0F40FABC4014AD490 /* RawJSON.swift in Sources */,
				D3EBF527103B4C6EEC0826CF /* SessionEngine.swift in Sources */,
				EB3545BC2FEFAF4A41F7BBDA /* Stats.swift in Sources */,
				B0F982780DFDE681EE0BF8CA /* Steps.swift in Sources */,
			);
			runOnlyForDeploymentPostprocessing = 0;
		};
		9F3002A5D69B22D357A58AA9 /* Sources */ = {
			isa = PBXSourcesBuildPhase;
			buildActionMask = 2147483647;
			files = (
				8EC0D3F5FF374BC28D71BCDF /* GoalTests.swift in Sources */,
				5D4BD5877ADF40B59A8911E7 /* StepProgressionTests.swift in Sources */,
				DB098ECF90B343CFB99C0C47 /* DraftPlanTests.swift in Sources */,
				71D355C1D4494A1AAAF29773 /* InReserveTests.swift in Sources */,
				6AF74EC479B54190A353B001 /* ClarityTests.swift in Sources */,
				8386FC4A2BD8A8EB4D3E69F1 /* UsabilityTests.swift in Sources */,
				BFDFD10AB57F40E89D105DF3 /* IntroductionTests.swift in Sources */,
				53B49EEC35564F51B63EACB5 /* BuiltInPlanTests.swift in Sources */,
				A6425EB9BC3B41C9998C1B11 /* ResponsivenessTests.swift in Sources */,
				22596811096049DE8D43B0DA /* ProgressionTests.swift in Sources */,
				A739B83332FE43A580221FEE /* HistoryCSVTests.swift in Sources */,
				BFF32C02BE544CED9F319F4E /* JSONEditTests.swift in Sources */,
				DF1A119FAD2849449B70E433 /* ChangeExerciseTests.swift in Sources */,
				5CF563E7589A4C9DB7E6FABC /* ActivityTests.swift in Sources */,
				3F695B4C1054440FA19BD4A5 /* MetricsTests.swift in Sources */,
				A2FEB4D9854045CF98BE6AF2 /* ScheduleAnchorTests.swift in Sources */,
				99FB4E145F5144CC8098858E /* SuggestionTests.swift in Sources */,
				8B85B26EE72743A49B7DC371 /* WarmUpAndTransitionTests.swift in Sources */,
				F88C0EE10EB846BAAE7E061F /* PromptPinningTests.swift in Sources */,
				F3F2E407E6474AB9A9D9024A /* StoreMigrationTests.swift in Sources */,
				CB1471644E3041D5B04400A5 /* DefectFixesTests.swift in Sources */,
				A31F2A1D1F21423DA0F5C2C8 /* RestoreTests.swift in Sources */,
				D51B17DD12CF41E1B60CACE9 /* RecordsAndChartTests.swift in Sources */,
				C7C1FC41DF9D4B738CB4218E /* PlanEditTests.swift in Sources */,
				313D1872CBBA41DC97C0FF9F /* DeferExerciseTests.swift in Sources */,
				F277F703A34A40C19BCAA6E1 /* SummaryAndVisualTests.swift in Sources */,
				2DBC1D3E58F2433F8C3A2984 /* HomeAndAddPlanTests.swift in Sources */,
				0F893C869B3246AE8B9D479B /* WorkoutScreenTests.swift in Sources */,
				F4D1D15583144C80A265F85F /* SettingsPolishTests.swift in Sources */,
				363C1DE22D584346978804FE /* HistoryTests.swift in Sources */,
				470401284CA648D49C271267 /* WorkoutTests.swift in Sources */,
				D77C3F2E778E4D2FA3F2EE54 /* SettingsAndHomeTests.swift in Sources */,
				25B184F7E2E8488C921B44D3 /* StoreTests.swift in Sources */,
				708EE1A219E34B241C70DAF1 /* FixtureLoader.swift in Sources */,
				80FAC02A0BD5812E2A00F339 /* ProjectSkeletonTests.swift in Sources */,
				53B163E63EAE37D0E01A3A7F /* CoreTestSupport.swift in Sources */,
				7FAD4A97F9676688AFBE2783 /* ImportTests.swift in Sources */,
				B6AA736244A51B3D3293C6FD /* LibraryCalendarPromptTests.swift in Sources */,
				31FB1AD30944BADFEFA4E152 /* PrefillAndStatsTests.swift in Sources */,
				AAFDA3633B4CE64BE8ADB267 /* StepsAndEngineTests.swift in Sources */,
			);
			runOnlyForDeploymentPostprocessing = 0;
		};
		21825116F2554F89AF94BD95 /* Sources */ = {
			isa = PBXSourcesBuildPhase;
			buildActionMask = 2147483647;
			files = (
				7E907E4DC7844438A02C1233 /* in Sources */,
				BD51AC2137BB473F9D26A2D9 /* in Sources */,
				35564E3615584AD098C5E1C8 /* in Sources */,
				9B4867E17DD7498AADF58DBB /* in Sources */,
			);
			runOnlyForDeploymentPostprocessing = 0;
		};
/* End PBXSourcesBuildPhase section */

/* Begin PBXTargetDependency section */
		DE58E2B17C19600779694943 /* PBXTargetDependency */ = {
			isa = PBXTargetDependency;
			target = 4F6027D858B72CC70E5CC8E9 /* JimmsBro */;
			targetProxy = D799BAE6088A90139B415FCC /* PBXContainerItemProxy */;
		};
		CC2F9A27274D4F80BE71020B /* PBXTargetDependency */ = {
			isa = PBXTargetDependency;
			target = 1FB52B71588C45BF856C2658 /* JimmsBroActivity */;
			targetProxy = BD1726A1C48448E1BB2B391D /* PBXContainerItemProxy */;
		};
/* End PBXTargetDependency section */

/* Begin XCBuildConfiguration section */
		0F3D67935A4F199E058A017A /* Debug */ = {
			isa = XCBuildConfiguration;
			buildSettings = {
				BUNDLE_LOADER = "$(TEST_HOST)";
				CODE_SIGN_STYLE = Automatic;
				CURRENT_PROJECT_VERSION = 1;
				DEVELOPMENT_TEAM = 3CDZYD6W6G;
				GENERATE_INFOPLIST_FILE = YES;
				LD_RUNPATH_SEARCH_PATHS = (
					"$(inherited)",
					"@executable_path/Frameworks",
					"@loader_path/Frameworks",
				);
				MARKETING_VERSION = 1.5;
				PRODUCT_BUNDLE_IDENTIFIER = com.ohayoune.jimmsbro.tests;
				PRODUCT_NAME = "$(TARGET_NAME)";
				SUPPORTED_PLATFORMS = "iphoneos iphonesimulator";
				SUPPORTS_MACCATALYST = NO;
				SUPPORTS_MAC_DESIGNED_FOR_IPHONE_IPAD = NO;
				SUPPORTS_XR_DESIGNED_FOR_IPHONE_IPAD = NO;
				TARGETED_DEVICE_FAMILY = 1;
				TEST_HOST = "$(BUILT_PRODUCTS_DIR)/JimmsBro.app/$(BUNDLE_EXECUTABLE_FOLDER_PATH)/JimmsBro";
			};
			name = Debug;
		};
		20B70E15FDC36C625E57F658 /* Release */ = {
			isa = XCBuildConfiguration;
			buildSettings = {
				BUNDLE_LOADER = "$(TEST_HOST)";
				CODE_SIGN_STYLE = Automatic;
				CURRENT_PROJECT_VERSION = 1;
				DEVELOPMENT_TEAM = 3CDZYD6W6G;
				GENERATE_INFOPLIST_FILE = YES;
				LD_RUNPATH_SEARCH_PATHS = (
					"$(inherited)",
					"@executable_path/Frameworks",
					"@loader_path/Frameworks",
				);
				MARKETING_VERSION = 1.5;
				PRODUCT_BUNDLE_IDENTIFIER = com.ohayoune.jimmsbro.tests;
				PRODUCT_NAME = "$(TARGET_NAME)";
				SUPPORTED_PLATFORMS = "iphoneos iphonesimulator";
				SUPPORTS_MACCATALYST = NO;
				SUPPORTS_MAC_DESIGNED_FOR_IPHONE_IPAD = NO;
				SUPPORTS_XR_DESIGNED_FOR_IPHONE_IPAD = NO;
				TARGETED_DEVICE_FAMILY = 1;
				TEST_HOST = "$(BUILT_PRODUCTS_DIR)/JimmsBro.app/$(BUNDLE_EXECUTABLE_FOLDER_PATH)/JimmsBro";
			};
			name = Release;
		};
		5A8C91857F674E16E2724F47 /* Release */ = {
			isa = XCBuildConfiguration;
			buildSettings = {
				ASSETCATALOG_COMPILER_APPICON_NAME = AppIcon;
				ASSETCATALOG_COMPILER_GLOBAL_ACCENT_COLOR_NAME = AccentColor;
				CODE_SIGN_STYLE = Automatic;
				CURRENT_PROJECT_VERSION = 1;
				DEVELOPMENT_TEAM = 3CDZYD6W6G;
				ENABLE_PREVIEWS = YES;
				GENERATE_INFOPLIST_FILE = YES;
				INFOPLIST_KEY_CFBundleDisplayName = "Jimm’s Bro+";
				INFOPLIST_KEY_LSRequiresIPhoneOS = YES;
				INFOPLIST_KEY_ITSAppUsesNonExemptEncryption = NO;
				INFOPLIST_KEY_NSSupportsLiveActivities = YES;
				INFOPLIST_KEY_UIApplicationSceneManifest_Generation = YES;
				INFOPLIST_KEY_UIApplicationSupportsIndirectInputEvents = YES;
				INFOPLIST_KEY_UILaunchScreen_Generation = YES;
				INFOPLIST_KEY_UISupportedInterfaceOrientations = UIInterfaceOrientationPortrait;
				LD_RUNPATH_SEARCH_PATHS = (
					"$(inherited)",
					"@executable_path/Frameworks",
				);
				MARKETING_VERSION = 1.5;
				PRODUCT_BUNDLE_IDENTIFIER = com.ohayoune.jimmsbro;
				PRODUCT_NAME = "$(TARGET_NAME)";
				SUPPORTED_PLATFORMS = "iphoneos iphonesimulator";
				SUPPORTS_MACCATALYST = NO;
				SUPPORTS_MAC_DESIGNED_FOR_IPHONE_IPAD = NO;
				SUPPORTS_XR_DESIGNED_FOR_IPHONE_IPAD = NO;
				TARGETED_DEVICE_FAMILY = 1;
			};
			name = Release;
		};
		89E1FD6268CC0F221A2BE178 /* Debug */ = {
			isa = XCBuildConfiguration;
			buildSettings = {
				CLANG_ENABLE_MODULES = YES;
				CLANG_ENABLE_OBJC_ARC = YES;
				CLANG_WARN_BLOCK_CAPTURE_AUTORELEASING = YES;
				CLANG_WARN_BOOL_CONVERSION = YES;
				CLANG_WARN_COMMA = YES;
				CLANG_WARN_CONSTANT_CONVERSION = YES;
				CLANG_WARN_DEPRECATED_OBJC_IMPLEMENTATIONS = YES;
				CLANG_WARN_DOCUMENTATION_COMMENTS = YES;
				CLANG_WARN_EMPTY_BODY = YES;
				CLANG_WARN_ENUM_CONVERSION = YES;
				CLANG_WARN_INFINITE_RECURSION = YES;
				CLANG_WARN_INT_CONVERSION = YES;
				CLANG_WARN_NON_LITERAL_NULL_CONVERSION = YES;
				CLANG_WARN_OBJC_IMPLICIT_RETAIN_SELF = YES;
				CLANG_WARN_OBJC_LITERAL_CONVERSION = YES;
				CLANG_WARN_QUOTED_INCLUDE_IN_FRAMEWORK_HEADER = YES;
				CLANG_WARN_RANGE_LOOP_ANALYSIS = YES;
				CLANG_WARN_STRICT_PROTOTYPES = YES;
				CLANG_WARN_SUSPICIOUS_MOVE = YES;
				CLANG_WARN_UNREACHABLE_CODE = YES;
				CLANG_WARN__DUPLICATE_METHOD_MATCH = YES;
				DEBUG_INFORMATION_FORMAT = dwarf;
				ENABLE_STRICT_OBJC_MSGSEND = YES;
				ENABLE_TESTABILITY = YES;
				ENABLE_USER_SCRIPT_SANDBOXING = YES;
				GCC_C_LANGUAGE_STANDARD = gnu17;
				GCC_NO_COMMON_BLOCKS = YES;
				GCC_WARN_64_TO_32_BIT_CONVERSION = YES;
				GCC_WARN_ABOUT_RETURN_TYPE = YES;
				GCC_WARN_UNDECLARED_SELECTOR = YES;
				GCC_WARN_UNINITIALIZED_AUTOS = YES;
				GCC_WARN_UNUSED_FUNCTION = YES;
				GCC_WARN_UNUSED_VARIABLE = YES;
				IPHONEOS_DEPLOYMENT_TARGET = 17.0;
				ONLY_ACTIVE_ARCH = YES;
				SDKROOT = iphoneos;
				STRING_CATALOG_GENERATE_SYMBOLS = YES;
				SWIFT_ACTIVE_COMPILATION_CONDITIONS = "DEBUG $(inherited)";
				SWIFT_OPTIMIZATION_LEVEL = "-Onone";
				SWIFT_VERSION = 5.0;
			};
			name = Debug;
		};
		E6DE6C99132752C914FEF632 /* Release */ = {
			isa = XCBuildConfiguration;
			buildSettings = {
				CLANG_ENABLE_MODULES = YES;
				CLANG_ENABLE_OBJC_ARC = YES;
				CLANG_WARN_BLOCK_CAPTURE_AUTORELEASING = YES;
				CLANG_WARN_BOOL_CONVERSION = YES;
				CLANG_WARN_COMMA = YES;
				CLANG_WARN_CONSTANT_CONVERSION = YES;
				CLANG_WARN_DEPRECATED_OBJC_IMPLEMENTATIONS = YES;
				CLANG_WARN_DOCUMENTATION_COMMENTS = YES;
				CLANG_WARN_EMPTY_BODY = YES;
				CLANG_WARN_ENUM_CONVERSION = YES;
				CLANG_WARN_INFINITE_RECURSION = YES;
				CLANG_WARN_INT_CONVERSION = YES;
				CLANG_WARN_NON_LITERAL_NULL_CONVERSION = YES;
				CLANG_WARN_OBJC_IMPLICIT_RETAIN_SELF = YES;
				CLANG_WARN_OBJC_LITERAL_CONVERSION = YES;
				CLANG_WARN_QUOTED_INCLUDE_IN_FRAMEWORK_HEADER = YES;
				CLANG_WARN_RANGE_LOOP_ANALYSIS = YES;
				CLANG_WARN_STRICT_PROTOTYPES = YES;
				CLANG_WARN_SUSPICIOUS_MOVE = YES;
				CLANG_WARN_UNREACHABLE_CODE = YES;
				CLANG_WARN__DUPLICATE_METHOD_MATCH = YES;
				DEBUG_INFORMATION_FORMAT = "dwarf-with-dsym";
				ENABLE_STRICT_OBJC_MSGSEND = YES;
				ENABLE_TESTABILITY = NO;
				ENABLE_USER_SCRIPT_SANDBOXING = YES;
				GCC_C_LANGUAGE_STANDARD = gnu17;
				GCC_NO_COMMON_BLOCKS = YES;
				GCC_WARN_64_TO_32_BIT_CONVERSION = YES;
				GCC_WARN_ABOUT_RETURN_TYPE = YES;
				GCC_WARN_UNDECLARED_SELECTOR = YES;
				GCC_WARN_UNINITIALIZED_AUTOS = YES;
				GCC_WARN_UNUSED_FUNCTION = YES;
				GCC_WARN_UNUSED_VARIABLE = YES;
				IPHONEOS_DEPLOYMENT_TARGET = 17.0;
				SDKROOT = iphoneos;
				STRING_CATALOG_GENERATE_SYMBOLS = YES;
				SWIFT_COMPILATION_MODE = wholemodule;
				SWIFT_OPTIMIZATION_LEVEL = "-O";
				SWIFT_VERSION = 5.0;
			};
			name = Release;
		};
		E9B2E96ABC5F6856F2BE79CF /* Debug */ = {
			isa = XCBuildConfiguration;
			buildSettings = {
				ASSETCATALOG_COMPILER_APPICON_NAME = AppIcon;
				ASSETCATALOG_COMPILER_GLOBAL_ACCENT_COLOR_NAME = AccentColor;
				CODE_SIGN_STYLE = Automatic;
				CURRENT_PROJECT_VERSION = 1;
				DEVELOPMENT_TEAM = 3CDZYD6W6G;
				ENABLE_PREVIEWS = YES;
				GENERATE_INFOPLIST_FILE = YES;
				INFOPLIST_KEY_CFBundleDisplayName = "Jimm’s Bro+";
				INFOPLIST_KEY_LSRequiresIPhoneOS = YES;
				INFOPLIST_KEY_ITSAppUsesNonExemptEncryption = NO;
				INFOPLIST_KEY_NSSupportsLiveActivities = YES;
				INFOPLIST_KEY_UIApplicationSceneManifest_Generation = YES;
				INFOPLIST_KEY_UIApplicationSupportsIndirectInputEvents = YES;
				INFOPLIST_KEY_UILaunchScreen_Generation = YES;
				INFOPLIST_KEY_UISupportedInterfaceOrientations = UIInterfaceOrientationPortrait;
				LD_RUNPATH_SEARCH_PATHS = (
					"$(inherited)",
					"@executable_path/Frameworks",
				);
				MARKETING_VERSION = 1.5;
				PRODUCT_BUNDLE_IDENTIFIER = com.ohayoune.jimmsbro;
				PRODUCT_NAME = "$(TARGET_NAME)";
				SUPPORTED_PLATFORMS = "iphoneos iphonesimulator";
				SUPPORTS_MACCATALYST = NO;
				SUPPORTS_MAC_DESIGNED_FOR_IPHONE_IPAD = NO;
				SUPPORTS_XR_DESIGNED_FOR_IPHONE_IPAD = NO;
				TARGETED_DEVICE_FAMILY = 1;
			};
			name = Debug;
		};
		01EB461F34D1458CB3BB3584 /* Debug */ = {
			isa = XCBuildConfiguration;
			buildSettings = {
				ASSETCATALOG_COMPILER_GLOBAL_ACCENT_COLOR_NAME = AccentColor;
				CODE_SIGN_STYLE = Automatic;
				DEVELOPMENT_TEAM = 3CDZYD6W6G;
				CURRENT_PROJECT_VERSION = 1;
				GENERATE_INFOPLIST_FILE = YES;
				INFOPLIST_KEY_CFBundleDisplayName = "Jimm’s Bro+";
				INFOPLIST_KEY_NSHumanReadableCopyright = "";
				INFOPLIST_FILE = JimmsBroActivity/Info.plist;
				IPHONEOS_DEPLOYMENT_TARGET = 17.0;
				LD_RUNPATH_SEARCH_PATHS = (
					"$(inherited)",
					"@executable_path/Frameworks",
					"@executable_path/../../Frameworks",
				);
				MARKETING_VERSION = 1.5;
				PRODUCT_BUNDLE_IDENTIFIER = com.ohayoune.jimmsbro.activity;
				PRODUCT_NAME = "$(TARGET_NAME)";
				SKIP_INSTALL = YES;
				SWIFT_EMIT_LOC_STRINGS = YES;
				SWIFT_VERSION = 5.0;
				TARGETED_DEVICE_FAMILY = 1;
				SWIFT_ACTIVE_COMPILATION_CONDITIONS = DEBUG;
			};
			name = Debug;
		};
		5A18ACD73FB743DEB61A5828 /* Release */ = {
			isa = XCBuildConfiguration;
			buildSettings = {
				ASSETCATALOG_COMPILER_GLOBAL_ACCENT_COLOR_NAME = AccentColor;
				CODE_SIGN_STYLE = Automatic;
				DEVELOPMENT_TEAM = 3CDZYD6W6G;
				CURRENT_PROJECT_VERSION = 1;
				GENERATE_INFOPLIST_FILE = YES;
				INFOPLIST_KEY_CFBundleDisplayName = "Jimm’s Bro+";
				INFOPLIST_KEY_NSHumanReadableCopyright = "";
				INFOPLIST_FILE = JimmsBroActivity/Info.plist;
				IPHONEOS_DEPLOYMENT_TARGET = 17.0;
				LD_RUNPATH_SEARCH_PATHS = (
					"$(inherited)",
					"@executable_path/Frameworks",
					"@executable_path/../../Frameworks",
				);
				MARKETING_VERSION = 1.5;
				PRODUCT_BUNDLE_IDENTIFIER = com.ohayoune.jimmsbro.activity;
				PRODUCT_NAME = "$(TARGET_NAME)";
				SKIP_INSTALL = YES;
				SWIFT_EMIT_LOC_STRINGS = YES;
				SWIFT_VERSION = 5.0;
				TARGETED_DEVICE_FAMILY = 1;
				SWIFT_COMPILATION_MODE = wholemodule;
			};
			name = Release;
		};
/* End XCBuildConfiguration section */

/* Begin XCConfigurationList section */
		61AF5D6BEA2D148C6F2833BF /* Build configuration list for PBXNativeTarget "JimmsBroTests" */ = {
			isa = XCConfigurationList;
			buildConfigurations = (
				0F3D67935A4F199E058A017A /* Debug */,
				20B70E15FDC36C625E57F658 /* Release */,
			);
			defaultConfigurationIsVisible = 0;
			defaultConfigurationName = Release;
		};
		862894B703A6DEDF96A9DD6C /* Build configuration list for PBXProject "JimmsBro" */ = {
			isa = XCConfigurationList;
			buildConfigurations = (
				89E1FD6268CC0F221A2BE178 /* Debug */,
				E6DE6C99132752C914FEF632 /* Release */,
			);
			defaultConfigurationIsVisible = 0;
			defaultConfigurationName = Release;
		};
		F37922C48DA5978D02C9E50E /* Build configuration list for PBXNativeTarget "JimmsBro" */ = {
			isa = XCConfigurationList;
			buildConfigurations = (
				E9B2E96ABC5F6856F2BE79CF /* Debug */,
				5A8C91857F674E16E2724F47 /* Release */,
			);
			defaultConfigurationIsVisible = 0;
			defaultConfigurationName = Release;
		};
		34386063952345D5B66EB3B8 /* Build configuration list for PBXNativeTarget "JimmsBroActivity" */ = {
			isa = XCConfigurationList;
			buildConfigurations = (
				01EB461F34D1458CB3BB3584 /* Debug */,
				5A18ACD73FB743DEB61A5828 /* Release */,
			);
			defaultConfigurationIsVisible = 0;
			defaultConfigurationName = Release;
		};
/* End XCConfigurationList section */
	};
	rootObject = 98F54143AB4E86B28C3AFEE0 /* Project object */;
}
